
Microsoft Visual Studio Solution File, Format Version 12.00
# Visual Studio 15
VisualStudioVersion = 15.0.27703.2035
MinimumVisualStudioVersion = 10.0.40219.1
Project("{FAE04EC0-301F-11D3-BF4B-00C04F79EFBC}") = "VoiceRecorderServer", "VoiceRecorderServer\VoiceRecorderServer.csproj", "{11C8A1B0-1712-4040-AEE6-FE837C92571B}"
	ProjectSection(ProjectDependencies) = postProject
		{D19AB578-5C3A-4D37-8475-6E100437E9BE} = {D19AB578-5C3A-4D37-8475-6E100437E9BE}
	EndProjectSection
EndProject
Project("{FAE04EC0-301F-11D3-BF4B-00C04F79EFBC}") = "DAL", "DAL\DAL.csproj", "{D19AB578-5C3A-4D37-8475-6E100437E9BE}"
EndProject
Global
	GlobalSection(SolutionConfigurationPlatforms) = preSolution
		Debug|Any CPU = Debug|Any CPU
		Release|Any CPU = Release|Any CPU
	EndGlobalSection
	GlobalSection(ProjectConfigurationPlatforms) = postSolution
		{11C8A1B0-1712-4040-AEE6-FE837C92571B}.Debug|Any CPU.ActiveCfg = Debug|Any CPU
		{11C8A1B0-1712-4040-AEE6-FE837C92571B}.Debug|Any CPU.Build.0 = Debug|Any CPU
		{11C8A1B0-1712-4040-AEE6-FE837C92571B}.Release|Any CPU.ActiveCfg = Release|Any CPU
		{11C8A1B0-1712-4040-AEE6-FE837C92571B}.Release|Any CPU.Build.0 = Release|Any CPU
		{D19AB578-5C3A-4D37-8475-6E100437E9BE}.Debug|Any CPU.ActiveCfg = Debug|Any CPU
		{D19AB578-5C3A-4D37-8475-6E100437E9BE}.Debug|Any CPU.Build.0 = Debug|Any CPU
		{D19AB578-5C3A-4D37-8475-6E100437E9BE}.Release|Any CPU.ActiveCfg = Release|Any CPU
		{D19AB578-5C3A-4D37-8475-6E100437E9BE}.Release|Any CPU.Build.0 = Release|Any CPU
	EndGlobalSection
	GlobalSection(SolutionProperties) = preSolution
		HideSolutionNode = FALSE
	EndGlobalSection
	GlobalSection(ExtensibilityGlobals) = postSolution
		SolutionGuid = {AFDDC104-6AE1-43DA-944D-8B9534250736}
	EndGlobalSection
EndGlobal
